{
  "version": 4,
  "terraform_version": "1.14.7",
  "serial": 25,
  "lineage": "af07ad5a-71fe-d99b-f15e-1951a590d5a5",
  "outputs": {
    "cluster_endpoint": {
      "value": "https://EE5C292B083748EC60EF381752C7C56F.gr7.us-east-1.eks.amazonaws.com",
      "type": "string"
    },
    "cluster_name": {
      "value": "supply-demo",
      "type": "string"
    },
    "cluster_version": {
      "value": "1.35",
      "type": "string"
    },
    "ecr_supply_api_uri": {
      "value": "376218549913.dkr.ecr.us-east-1.amazonaws.com/supply-api",
      "type": "string"
    },
    "ecr_supply_worker_uri": {
      "value": "376218549913.dkr.ecr.us-east-1.amazonaws.com/supply-worker",
      "type": "string"
    },
    "private_subnet_ids": {
      "value": [
        "subnet-0e0c8cba55ec3d623",
        "subnet-012789db20735bdda"
      ],
      "type": [
        "tuple",
        [
          "string",
          "string"
        ]
      ]
    },
    "rds_endpoint": {
      "value": "supply-demo-db.cqng6w0cy5ee.us-east-1.rds.amazonaws.com:5432",
      "type": "string",
      "sensitive": true
    },
    "vpc_id": {
      "value": "vpc-02f6105bc654c3b1f",
      "type": "string"
    }
  },
  "resources": [
    {
      "mode": "managed",
      "type": "aws_db_instance",
      "name": "main",
      "provider": "provider[\"registry.terraform.io/hashicorp/aws\"]",
      "instances": [
        {
          "schema_version": 2,
          "attributes": {
            "address": "supply-demo-db.cqng6w0cy5ee.us-east-1.rds.amazonaws.com",
            "allocated_storage": 20,
            "allow_major_version_upgrade": null,
            "apply_immediately": null,
            "arn": "arn:aws:rds:us-east-1:376218549913:db:supply-demo-db",
            "auto_minor_version_upgrade": true,
            "availability_zone": "us-east-1b",
            "backup_retention_period": 7,
            "backup_target": "region",
            "backup_window": "09:07-09:37",
            "blue_green_update": [],
            "ca_cert_identifier": "rds-ca-rsa2048-g1",
            "character_set_name": "",
            "copy_tags_to_snapshot": true,
            "custom_iam_instance_profile": "",
            "customer_owned_ip_enabled": false,
            "database_insights_mode": "standard",
            "db_name": "",
            "db_subnet_group_name": "default-vpc-02f6105bc654c3b1f",
            "dedicated_log_volume": false,
            "delete_automated_backups": true,
            "deletion_protection": false,
            "domain": "",
            "domain_auth_secret_arn": "",
            "domain_dns_ips": [],
            "domain_fqdn": "",
            "domain_iam_role_name": "",
            "domain_ou": "",
            "enabled_cloudwatch_logs_exports": [],
            "endpoint": "supply-demo-db.cqng6w0cy5ee.us-east-1.rds.amazonaws.com:5432",
            "engine": "postgres",
            "engine_lifecycle_support": "open-source-rds-extended-support-disabled",
            "engine_version": "17.6",
            "engine_version_actual": "17.6",
            "final_snapshot_identifier": null,
            "hosted_zone_id": "Z2R2ITUGPM61AM",
            "iam_database_authentication_enabled": false,
            "id": "db-2VQHZOKW276BGJBXJOJEQKKV5M",
            "identifier": "supply-demo-db",
            "identifier_prefix": "",
            "instance_class": "db.t3.micro",
            "iops": 0,
            "kms_key_id": "arn:aws:kms:us-east-1:376218549913:key/39692922-b6c3-4f03-b805-0acb8363236b",
            "latest_restorable_time": "2026-03-23T03:49:30Z",
            "license_model": "postgresql-license",
            "listener_endpoint": [],
            "maintenance_window": "sun:08:15-sun:08:45",
            "manage_master_user_password": null,
            "master_user_secret": [],
            "master_user_secret_kms_key_id": null,
            "max_allocated_storage": 1000,
            "monitoring_interval": 60,
            "monitoring_role_arn": "arn:aws:iam::376218549913:role/rds-monitoring-role",
            "multi_az": false,
            "nchar_character_set_name": "",
            "network_type": "IPV4",
            "option_group_name": "default:postgres-17",
            "parameter_group_name": "default.postgres17",
            "password": null,
            "password_wo": null,
            "password_wo_version": null,
            "performance_insights_enabled": true,
            "performance_insights_kms_key_id": "arn:aws:kms:us-east-1:376218549913:key/39692922-b6c3-4f03-b805-0acb8363236b",
            "performance_insights_retention_period": 7,
            "port": 5432,
            "publicly_accessible": false,
            "replica_mode": "",
            "replicas": [],
            "replicate_source_db": "",
            "resource_id": "db-2VQHZOKW276BGJBXJOJEQKKV5M",
            "restore_to_point_in_time": [],
            "s3_import": [],
            "skip_final_snapshot": true,
            "snapshot_identifier": null,
            "status": "available",
            "storage_encrypted": true,
            "storage_throughput": 0,
            "storage_type": "gp2",
            "tags": {},
            "tags_all": {},
            "timeouts": null,
            "timezone": "",
            "upgrade_storage_config": null,
            "username": "supplyadmin",
            "vpc_security_group_ids": [
              "sg-0ca7386e53bdc2596"
            ]
          },
          "sensitive_attributes": [
            [
              {
                "type": "get_attr",
                "value": "password"
              }
            ],
            [
              {
                "type": "get_attr",
                "value": "password_wo"
              }
            ]
          ],
          "identity_schema_version": 0,
          "private": "eyJlMmJmYjczMC1lY2FhLTExZTYtOGY4OC0zNDM2M2JjN2M0YzAiOnsiY3JlYXRlIjozMDAwMDAwMDAwMDAwLCJkZWxldGUiOjM2MDAwMDAwMDAwMDAsInVwZGF0ZSI6NDgwMDAwMDAwMDAwMH0sInNjaGVtYV92ZXJzaW9uIjoiMiJ9",
          "dependencies": [
            "aws_db_subnet_group.main",
            "aws_subnet.private_1b",
            "aws_subnet.private_1c",
            "aws_vpc.main"
          ]
        }
      ]
    },
    {
      "mode": "managed",
      "type": "aws_db_subnet_group",
      "name": "main",
      "provider": "provider[\"registry.terraform.io/hashicorp/aws\"]",
      "instances": [
        {
          "schema_version": 0,
          "attributes": {
            "arn": "arn:aws:rds:us-east-1:376218549913:subgrp:default-vpc-02f6105bc654c3b1f",
            "description": "Created from the RDS Management Console",
            "id": "default-vpc-02f6105bc654c3b1f",
            "name": "default-vpc-02f6105bc654c3b1f",
            "name_prefix": "",
            "subnet_ids": [
              "subnet-012789db20735bdda",
              "subnet-06bd62c586c229b2a",
              "subnet-0c38319e2b7ca99c8",
              "subnet-0e0c8cba55ec3d623"
            ],
            "supported_network_types": [
              "IPV4"
            ],
            "tags": {},
            "tags_all": {},
            "vpc_id": "vpc-02f6105bc654c3b1f"
          },
          "sensitive_attributes": [],
          "identity_schema_version": 0,
          "private": "eyJzY2hlbWFfdmVyc2lvbiI6IjAifQ==",
          "dependencies": [
            "aws_subnet.private_1b",
            "aws_subnet.private_1c",
            "aws_vpc.main"
          ]
        }
      ]
    },
    {
      "mode": "managed",
      "type": "aws_ecr_repository",
      "name": "supply_api",
      "provider": "provider[\"registry.terraform.io/hashicorp/aws\"]",
      "instances": [
        {
          "schema_version": 0,
          "attributes": {
            "arn": "arn:aws:ecr:us-east-1:376218549913:repository/supply-api",
            "encryption_configuration": [
              {
                "encryption_type": "AES256",
                "kms_key": ""
              }
            ],
            "force_delete": null,
            "id": "supply-api",
            "image_scanning_configuration": [
              {
                "scan_on_push": true
              }
            ],
            "image_tag_mutability": "MUTABLE",
            "name": "supply-api",
            "registry_id": "376218549913",
            "repository_url": "376218549913.dkr.ecr.us-east-1.amazonaws.com/supply-api",
            "tags": {},
            "tags_all": {},
            "timeouts": null
          },
          "sensitive_attributes": [],
          "identity_schema_version": 0,
          "private": "eyJlMmJmYjczMC1lY2FhLTExZTYtOGY4OC0zNDM2M2JjN2M0YzAiOnsiZGVsZXRlIjoxMjAwMDAwMDAwMDAwfX0="
        }
      ]
    },
    {
      "mode": "managed",
      "type": "aws_ecr_repository",
      "name": "supply_worker",
      "provider": "provider[\"registry.terraform.io/hashicorp/aws\"]",
      "instances": [
        {
          "schema_version": 0,
          "attributes": {
            "arn": "arn:aws:ecr:us-east-1:376218549913:repository/supply-worker",
            "encryption_configuration": [
              {
                "encryption_type": "AES256",
                "kms_key": ""
              }
            ],
            "force_delete": null,
            "id": "supply-worker",
            "image_scanning_configuration": [
              {
                "scan_on_push": true
              }
            ],
            "image_tag_mutability": "MUTABLE",
            "name": "supply-worker",
            "registry_id": "376218549913",
            "repository_url": "376218549913.dkr.ecr.us-east-1.amazonaws.com/supply-worker",
            "tags": {},
            "tags_all": {},
            "timeouts": null
          },
          "sensitive_attributes": [],
          "identity_schema_version": 0,
          "private": "eyJlMmJmYjczMC1lY2FhLTExZTYtOGY4OC0zNDM2M2JjN2M0YzAiOnsiZGVsZXRlIjoxMjAwMDAwMDAwMDAwfX0="
        }
      ]
    },
    {
      "mode": "managed",
      "type": "aws_eks_cluster",
      "name": "main",
      "provider": "provider[\"registry.terraform.io/hashicorp/aws\"]",
      "instances": [
        {
          "schema_version": 1,
          "attributes": {
            "access_config": [
              {
                "authentication_mode": "API_AND_CONFIG_MAP",
                "bootstrap_cluster_creator_admin_permissions": true
              }
            ],
            "arn": "arn:aws:eks:us-east-1:376218549913:cluster/supply-demo",
            "bootstrap_self_managed_addons": false,
            "certificate_authority": [
              {
                "data": "LS0tLS1CRUdJTiBDRVJUSUZJQ0FURS0tLS0tCk1JSURCVENDQWUyZ0F3SUJBZ0lJSDRiQTJvUkIvZDB3RFFZSktvWklodmNOQVFFTEJRQXdGVEVUTUJFR0ExVUUKQXhNS2EzVmlaWEp1WlhSbGN6QWVGdzB5TmpBek1UUXlNakkwTWpoYUZ3MHpOakF6TVRFeU1qSTVNamhhTUJVeApFekFSQmdOVkJBTVRDbXQxWW1WeWJtVjBaWE13Z2dFaU1BMEdDU3FHU0liM0RRRUJBUVVBQTRJQkR3QXdnZ0VLCkFvSUJBUURRMzB5bVJtWUxlVnJQb1lzek5DK3V3NWZDTjVPTVk2d2s5Ykdka1V2VXNWSkE0bjV3YkxSbUY2QlcKdXI0QURwckJHbWlmeEpPcm1ZZHhyWDFkWjdWZTF3ekxYUE1jU2tuTXVwOHpCd0t1TGlOeTVrZG9wWDJSOUZJRQpGQXpLMThudUttS2txamdLUE5PNXVNckc5VFFEdngxSkFxS2hLUEdLMml1ZXBLdy9NVks1SzVoenNWRXZRY2l0CiswRUR4Uzg4L0RidjVaTkpWd1ZiYnBqK3loVTA5d1l5WnVmZ2hMZTY0OU10ZW9JbkVaRDhqSGlRSUJoaFpacDEKN2pxK2kzaUF1VkFYWmJsN0UwM1AvYkhHWVpSbFRYb0dFR2pkY0xMZlcxYTBpMUhoOU9CVFdVUVlTa3JIR2hCZQpkWlUvK3FjT3M0N0c4eE1Ja2ZHSkdHbk1vTEt2QWdNQkFBR2pXVEJYTUE0R0ExVWREd0VCL3dRRUF3SUNwREFQCkJnTlZIUk1CQWY4RUJUQURBUUgvTUIwR0ExVWREZ1FXQkJTemtBaUpBZlhJR2ZRNTR6L0FHelpRaklzWS96QVYKQmdOVkhSRUVEakFNZ2dwcmRXSmxjbTVsZEdWek1BMEdDU3FHU0liM0RRRUJDd1VBQTRJQkFRQ0RkYmVESGd1Swpyd2czV2M5TUttbUMvNklDN21XcG5qYm4vQkdPbzZKK2Z6cTJqc2VDR1JObTRvMGhPTkpsSDNHQTZac1hTOGhoCnI3aHJ3M1pOSlFFU2pSYVVZQ1dlSURiSmYxbVdDRFVWQXBSZDAxSnV2NDFyTzR4RjZnNElEQ2lxTW5CRHg5eUIKczYyVzlENGt4MGpyMjhQSzc1Rk1jeitIQXVLZ3hEc25WVmhFSko1d0F2YXU4K1o5eXJuUnZvOE54WDNGa0hmegpvSGQ5YkJKeEVBUjdrMHR5dDdZb3NjSDBaRE9VSFpybWVxdjdxU2V0a08ycnQ4Umh2QUhtSkZKWUdZMlpPNGJ1CktkWll3Y2lwS3B3THRlcmFuRDFpWGhQWVNZVGU2THZKL2NGZm4xbElBMk1lVm9zNkhiT1ZVenVEbTY3MlUxNXUKVlJkaHFoakdMT3JICi0tLS0tRU5EIENFUlRJRklDQVRFLS0tLS0K"
              }
            ],
            "cluster_id": null,
            "compute_config": [],
            "created_at": "2026-03-14T22:22:47Z",
            "enabled_cluster_log_types": [],
            "encryption_config": [],
            "endpoint": "https://EE5C292B083748EC60EF381752C7C56F.gr7.us-east-1.eks.amazonaws.com",
            "force_update_version": null,
            "id": "supply-demo",
            "identity": [
              {
                "oidc": [
                  {
                    "issuer": "https://oidc.eks.us-east-1.amazonaws.com/id/EE5C292B083748EC60EF381752C7C56F"
                  }
                ]
              }
            ],
            "kubernetes_network_config": [
              {
                "elastic_load_balancing": [
                  {
                    "enabled": false
                  }
                ],
                "ip_family": "ipv4",
                "service_ipv4_cidr": "10.100.0.0/16",
                "service_ipv6_cidr": ""
              }
            ],
            "name": "supply-demo",
            "outpost_config": [],
            "platform_version": "eks.5",
            "remote_network_config": [],
            "role_arn": "arn:aws:iam::376218549913:role/eksctl-supply-demo-cluster-ServiceRole-A9V9o5Zm0OzB",
            "status": "ACTIVE",
            "storage_config": [],
            "tags": {
              "Name": "eksctl-supply-demo-cluster/ControlPlane",
              "alpha.eksctl.io/cluster-name": "supply-demo",
              "alpha.eksctl.io/cluster-oidc-enabled": "true",
              "alpha.eksctl.io/eksctl-version": "0.224.0",
              "eksctl.cluster.k8s.io/v1alpha1/cluster-name": "supply-demo"
            },
            "tags_all": {
              "Name": "eksctl-supply-demo-cluster/ControlPlane",
              "alpha.eksctl.io/cluster-name": "supply-demo",
              "alpha.eksctl.io/cluster-oidc-enabled": "true",
              "alpha.eksctl.io/eksctl-version": "0.224.0",
              "eksctl.cluster.k8s.io/v1alpha1/cluster-name": "supply-demo"
            },
            "timeouts": null,
            "upgrade_policy": [
              {
                "support_type": "EXTENDED"
              }
            ],
            "version": "1.35",
            "vpc_config": [
              {
                "cluster_security_group_id": "sg-0e595e7b5fb692083",
                "endpoint_private_access": false,
                "endpoint_public_access": true,
                "public_access_cidrs": [
                  "0.0.0.0/0"
                ],
                "security_group_ids": [
                  "sg-09978baea0e61b3c6"
                ],
                "subnet_ids": [
                  "subnet-012789db20735bdda",
                  "subnet-06bd62c586c229b2a",
                  "subnet-0c38319e2b7ca99c8",
                  "subnet-0e0c8cba55ec3d623"
                ],
                "vpc_id": "vpc-02f6105bc654c3b1f"
              }
            ],
            "zonal_shift_config": []
          },
          "sensitive_attributes": [],
          "identity_schema_version": 0,
          "private": "eyJlMmJmYjczMC1lY2FhLTExZTYtOGY4OC0zNDM2M2JjN2M0YzAiOnsiY3JlYXRlIjoxODAwMDAwMDAwMDAwLCJkZWxldGUiOjkwMDAwMDAwMDAwMCwidXBkYXRlIjozNjAwMDAwMDAwMDAwfSwic2NoZW1hX3ZlcnNpb24iOiIxIn0=",
          "dependencies": [
            "aws_iam_role.eks_cluster",
            "aws_iam_role_policy_attachment.eks_cluster_policy",
            "aws_subnet.private_1b",
            "aws_subnet.private_1c",
            "aws_subnet.public_1b",
            "aws_subnet.public_1c",
            "aws_vpc.main"
          ]
        }
      ]
    },
    {
      "mode": "managed",
      "type": "aws_eks_node_group",
      "name": "ng1",
      "provider": "provider[\"registry.terraform.io/hashicorp/aws\"]",
      "instances": [
        {
          "schema_version": 0,
          "attributes": {
            "ami_type": "AL2023_x86_64_STANDARD",
            "arn": "arn:aws:eks:us-east-1:376218549913:nodegroup/supply-demo/ng-1/6ece773e-6dbc-e004-2608-258fbf6d7019",
            "capacity_type": "ON_DEMAND",
            "cluster_name": "supply-demo",
            "disk_size": 0,
            "force_update_version": null,
            "id": "supply-demo:ng-1",
            "instance_types": [
              "t3.small"
            ],
            "labels": {
              "alpha.eksctl.io/cluster-name": "supply-demo",
              "alpha.eksctl.io/nodegroup-name": "ng-1"
            },
            "launch_template": [
              {
                "id": "lt-091b5f8601849e6b1",
                "name": "eksctl-supply-demo-nodegroup-ng-1",
                "version": "1"
              }
            ],
            "node_group_name": "ng-1",
            "node_group_name_prefix": "",
            "node_repair_config": [],
            "node_role_arn": "arn:aws:iam::376218549913:role/eksctl-supply-demo-nodegroup-ng-1-NodeInstanceRole-pasS6N50TIGe",
            "release_version": "1.35.2-20260304",
            "remote_access": [],
            "resources": [
              {
                "autoscaling_groups": [
                  {
                    "name": "eks-ng-1-6ece773e-6dbc-e004-2608-258fbf6d7019"
                  }
                ],
                "remote_access_security_group_id": ""
              }
            ],
            "scaling_config": [
              {
                "desired_size": 2,
                "max_size": 2,
                "min_size": 1
              }
            ],
            "status": "ACTIVE",
            "subnet_ids": [
              "subnet-06bd62c586c229b2a",
              "subnet-0c38319e2b7ca99c8"
            ],
            "tags": {
              "alpha.eksctl.io/cluster-name": "supply-demo",
              "alpha.eksctl.io/eksctl-version": "0.224.0",
              "alpha.eksctl.io/nodegroup-name": "ng-1",
              "alpha.eksctl.io/nodegroup-type": "managed",
              "eksctl.cluster.k8s.io/v1alpha1/cluster-name": "supply-demo"
            },
            "tags_all": {
              "alpha.eksctl.io/cluster-name": "supply-demo",
              "alpha.eksctl.io/eksctl-version": "0.224.0",
              "alpha.eksctl.io/nodegroup-name": "ng-1",
              "alpha.eksctl.io/nodegroup-type": "managed",
              "eksctl.cluster.k8s.io/v1alpha1/cluster-name": "supply-demo"
            },
            "taint": [],
            "timeouts": null,
            "update_config": [
              {
                "max_unavailable": 1,
                "max_unavailable_percentage": 0
              }
            ],
            "version": "1.35"
          },
          "sensitive_attributes": [],
          "identity_schema_version": 0,
          "private": "eyJlMmJmYjczMC1lY2FhLTExZTYtOGY4OC0zNDM2M2JjN2M0YzAiOnsiY3JlYXRlIjozNjAwMDAwMDAwMDAwLCJkZWxldGUiOjM2MDAwMDAwMDAwMDAsInVwZGF0ZSI6MzYwMDAwMDAwMDAwMH19",
          "dependencies": [
            "aws_eks_cluster.main",
            "aws_iam_role.eks_cluster",
            "aws_iam_role.eks_node",
            "aws_iam_role_policy_attachment.eks_cluster_policy",
            "aws_iam_role_policy_attachment.eks_cni_policy",
            "aws_iam_role_policy_attachment.eks_ecr_readonly",
            "aws_iam_role_policy_attachment.eks_worker_node_policy",
            "aws_subnet.private_1b",
            "aws_subnet.private_1c",
            "aws_subnet.public_1b",
            "aws_subnet.public_1c",
            "aws_vpc.main"
          ]
        }
      ]
    },
    {
      "mode": "managed",
      "type": "aws_iam_role",
      "name": "eks_cluster",
      "provider": "provider[\"registry.terraform.io/hashicorp/aws\"]",
      "instances": [
        {
          "schema_version": 0,
          "attributes": {
            "arn": "arn:aws:iam::376218549913:role/eksctl-supply-demo-cluster-ServiceRole-A9V9o5Zm0OzB",
            "assume_role_policy": "{\"Statement\":[{\"Action\":[\"sts:AssumeRole\",\"sts:TagSession\"],\"Effect\":\"Allow\",\"Principal\":{\"Service\":\"eks.amazonaws.com\"}}],\"Version\":\"2012-10-17\"}",
            "create_date": "2026-03-14T22:22:21Z",
            "description": "",
            "force_detach_policies": false,
            "id": "eksctl-supply-demo-cluster-ServiceRole-A9V9o5Zm0OzB",
            "inline_policy": [],
            "managed_policy_arns": [
              "arn:aws:iam::aws:policy/AmazonEKSClusterPolicy",
              "arn:aws:iam::aws:policy/AmazonEKSVPCResourceController"
            ],
            "max_session_duration": 3600,
            "name": "eksctl-supply-demo-cluster-ServiceRole-A9V9o5Zm0OzB",
            "name_prefix": "",
            "path": "/",
            "permissions_boundary": "",
            "tags": {
              "Name": "eksctl-supply-demo-cluster/ServiceRole",
              "alpha.eksctl.io/cluster-name": "supply-demo",
              "alpha.eksctl.io/cluster-oidc-enabled": "false",
              "alpha.eksctl.io/eksctl-version": "0.224.0",
              "eksctl.cluster.k8s.io/v1alpha1/cluster-name": "supply-demo"
            },
            "tags_all": {
              "Name": "eksctl-supply-demo-cluster/ServiceRole",
              "alpha.eksctl.io/cluster-name": "supply-demo",
              "alpha.eksctl.io/cluster-oidc-enabled": "false",
              "alpha.eksctl.io/eksctl-version": "0.224.0",
              "eksctl.cluster.k8s.io/v1alpha1/cluster-name": "supply-demo"
            },
            "unique_id": "AROAVPGC7P2M3B4ZQG47X"
          },
          "sensitive_attributes": [],
          "identity_schema_version": 0,
          "private": "eyJzY2hlbWFfdmVyc2lvbiI6IjAifQ=="
        }
      ]
    },
    {
      "mode": "managed",
      "type": "aws_iam_role",
      "name": "eks_node",
      "provider": "provider[\"registry.terraform.io/hashicorp/aws\"]",
      "instances": [
        {
          "schema_version": 0,
          "attributes": {
            "arn": "arn:aws:iam::376218549913:role/eksctl-supply-demo-nodegroup-ng-1-NodeInstanceRole-pasS6N50TIGe",
            "assume_role_policy": "{\"Statement\":[{\"Action\":\"sts:AssumeRole\",\"Effect\":\"Allow\",\"Principal\":{\"Service\":\"ec2.amazonaws.com\"}}],\"Version\":\"2012-10-17\"}",
            "create_date": "2026-03-14T22:34:27Z",
            "description": "",
            "force_detach_policies": false,
            "id": "eksctl-supply-demo-nodegroup-ng-1-NodeInstanceRole-pasS6N50TIGe",
            "inline_policy": [],
            "managed_policy_arns": [
              "arn:aws:iam::aws:policy/AmazonEC2ContainerRegistryPullOnly",
              "arn:aws:iam::aws:policy/AmazonEKSWorkerNodePolicy",
              "arn:aws:iam::aws:policy/AmazonEKS_CNI_Policy",
              "arn:aws:iam::aws:policy/AmazonSSMManagedInstanceCore"
            ],
            "max_session_duration": 3600,
            "name": "eksctl-supply-demo-nodegroup-ng-1-NodeInstanceRole-pasS6N50TIGe",
            "name_prefix": "",
            "path": "/",
            "permissions_boundary": "",
            "tags": {
              "Name": "eksctl-supply-demo-nodegroup-ng-1/NodeInstanceRole",
              "alpha.eksctl.io/cluster-name": "supply-demo",
              "alpha.eksctl.io/eksctl-version": "0.224.0",
              "alpha.eksctl.io/nodegroup-name": "ng-1",
              "alpha.eksctl.io/nodegroup-type": "managed",
              "eksctl.cluster.k8s.io/v1alpha1/cluster-name": "supply-demo"
            },
            "tags_all": {
              "Name": "eksctl-supply-demo-nodegroup-ng-1/NodeInstanceRole",
              "alpha.eksctl.io/cluster-name": "supply-demo",
              "alpha.eksctl.io/eksctl-version": "0.224.0",
              "alpha.eksctl.io/nodegroup-name": "ng-1",
              "alpha.eksctl.io/nodegroup-type": "managed",
              "eksctl.cluster.k8s.io/v1alpha1/cluster-name": "supply-demo"
            },
            "unique_id": "AROAVPGC7P2MYDAPSI3HG"
          },
          "sensitive_attributes": [],
          "identity_schema_version": 0,
          "private": "eyJzY2hlbWFfdmVyc2lvbiI6IjAifQ=="
        }
      ]
    },
    {
      "mode": "managed",
      "type": "aws_iam_role_policy_attachment",
      "name": "eks_cluster_policy",
      "provider": "provider[\"registry.terraform.io/hashicorp/aws\"]",
      "instances": [
        {
          "schema_version": 0,
          "attributes": {
            "id": "eksctl-supply-demo-cluster-ServiceRole-A9V9o5Zm0OzB-arn:aws:iam::aws:policy/AmazonEKSClusterPolicy",
            "policy_arn": "arn:aws:iam::aws:policy/AmazonEKSClusterPolicy",
            "role": "eksctl-supply-demo-cluster-ServiceRole-A9V9o5Zm0OzB"
          },
          "sensitive_attributes": [],
          "identity_schema_version": 0,
          "private": "eyJzY2hlbWFfdmVyc2lvbiI6IjAifQ==",
          "dependencies": [
            "aws_iam_role.eks_cluster"
          ]
        }
      ]
    },
    {
      "mode": "managed",
      "type": "aws_iam_role_policy_attachment",
      "name": "eks_cni_policy",
      "provider": "provider[\"registry.terraform.io/hashicorp/aws\"]",
      "instances": [
        {
          "schema_version": 0,
          "attributes": {
            "id": "eksctl-supply-demo-nodegroup-ng-1-NodeInstanceRole-pasS6N50TIGe-arn:aws:iam::aws:policy/AmazonEKS_CNI_Policy",
            "policy_arn": "arn:aws:iam::aws:policy/AmazonEKS_CNI_Policy",
            "role": "eksctl-supply-demo-nodegroup-ng-1-NodeInstanceRole-pasS6N50TIGe"
          },
          "sensitive_attributes": [],
          "identity_schema_version": 0,
          "private": "eyJzY2hlbWFfdmVyc2lvbiI6IjAifQ==",
          "dependencies": [
            "aws_iam_role.eks_node"
          ]
        }
      ]
    },
    {
      "mode": "managed",
      "type": "aws_iam_role_policy_attachment",
      "name": "eks_ecr_readonly",
      "provider": "provider[\"registry.terraform.io/hashicorp/aws\"]",
      "instances": [
        {
          "schema_version": 0,
          "attributes": {
            "id": "eksctl-supply-demo-nodegroup-ng-1-NodeInstanceRole-pasS6N50TIGe-arn:aws:iam::aws:policy/AmazonEC2ContainerRegistryPullOnly",
            "policy_arn": "arn:aws:iam::aws:policy/AmazonEC2ContainerRegistryPullOnly",
            "role": "eksctl-supply-demo-nodegroup-ng-1-NodeInstanceRole-pasS6N50TIGe"
          },
          "sensitive_attributes": [],
          "identity_schema_version": 0,
          "private": "eyJzY2hlbWFfdmVyc2lvbiI6IjAifQ==",
          "dependencies": [
            "aws_iam_role.eks_node"
          ]
        }
      ]
    },
    {
      "mode": "managed",
      "type": "aws_iam_role_policy_attachment",
      "name": "eks_ssm",
      "provider": "provider[\"registry.terraform.io/hashicorp/aws\"]",
      "instances": [
        {
          "schema_version": 0,
          "attributes": {
            "id": "eksctl-supply-demo-nodegroup-ng-1-NodeInstanceRole-pasS6N50TIGe-arn:aws:iam::aws:policy/AmazonSSMManagedInstanceCore",
            "policy_arn": "arn:aws:iam::aws:policy/AmazonSSMManagedInstanceCore",
            "role": "eksctl-supply-demo-nodegroup-ng-1-NodeInstanceRole-pasS6N50TIGe"
          },
          "sensitive_attributes": [],
          "identity_schema_version": 0,
          "private": "eyJzY2hlbWFfdmVyc2lvbiI6IjAifQ==",
          "dependencies": [
            "aws_iam_role.eks_node"
          ]
        }
      ]
    },
    {
      "mode": "managed",
      "type": "aws_iam_role_policy_attachment",
      "name": "eks_worker_node_policy",
      "provider": "provider[\"registry.terraform.io/hashicorp/aws\"]",
      "instances": [
        {
          "schema_version": 0,
          "attributes": {
            "id": "eksctl-supply-demo-nodegroup-ng-1-NodeInstanceRole-pasS6N50TIGe-arn:aws:iam::aws:policy/AmazonEKSWorkerNodePolicy",
            "policy_arn": "arn:aws:iam::aws:policy/AmazonEKSWorkerNodePolicy",
            "role": "eksctl-supply-demo-nodegroup-ng-1-NodeInstanceRole-pasS6N50TIGe"
          },
          "sensitive_attributes": [],
          "identity_schema_version": 0,
          "private": "eyJzY2hlbWFfdmVyc2lvbiI6IjAifQ==",
          "dependencies": [
            "aws_iam_role.eks_node"
          ]
        }
      ]
    },
    {
      "mode": "managed",
      "type": "aws_security_group",
      "name": "eks_cluster",
      "provider": "provider[\"registry.terraform.io/hashicorp/aws\"]",
      "instances": [
        {
          "schema_version": 1,
          "attributes": {
            "arn": "arn:aws:ec2:us-east-1:376218549913:security-group/sg-0e595e7b5fb692083",
            "description": "EKS created security group applied to ENI that is attached to EKS Control Plane master nodes, as well as any managed workloads.",
            "egress": [
              {
                "cidr_blocks": [
                  "0.0.0.0/0"
                ],
                "description": "",
                "from_port": 0,
                "ipv6_cidr_blocks": [],
                "prefix_list_ids": [],
                "protocol": "-1",
                "security_groups": [],
                "self": false,
                "to_port": 0
              },
              {
                "cidr_blocks": [],
                "description": "Allows EFA traffic, which is not matched by CIDR rules.",
                "from_port": 0,
                "ipv6_cidr_blocks": [],
                "prefix_list_ids": [],
                "protocol": "-1",
                "security_groups": [],
                "self": true,
                "to_port": 0
              }
            ],
            "id": "sg-0e595e7b5fb692083",
            "ingress": [
              {
                "cidr_blocks": [],
                "description": "Allow unmanaged nodes to communicate with control plane (all ports)",
                "from_port": 0,
                "ipv6_cidr_blocks": [],
                "prefix_list_ids": [],
                "protocol": "-1",
                "security_groups": [
                  "sg-0294e63a74f07eacb"
                ],
                "self": false,
                "to_port": 0
              },
              {
                "cidr_blocks": [],
                "description": "Allows EFA traffic, which is not matched by CIDR rules.",
                "from_port": 0,
                "ipv6_cidr_blocks": [],
                "prefix_list_ids": [],
                "protocol": "-1",
                "security_groups": [],
                "self": true,
                "to_port": 0
              }
            ],
            "name": "eks-cluster-sg-supply-demo-83512319",
            "name_prefix": "",
            "owner_id": "376218549913",
            "revoke_rules_on_delete": null,
            "tags": {
              "Name": "eks-cluster-sg-supply-demo-83512319",
              "kubernetes.io/cluster/supply-demo": "owned"
            },
            "tags_all": {
              "Name": "eks-cluster-sg-supply-demo-83512319",
              "kubernetes.io/cluster/supply-demo": "owned"
            },
            "timeouts": null,
            "vpc_id": "vpc-02f6105bc654c3b1f"
          },
          "sensitive_attributes": [],
          "identity_schema_version": 0,
          "private": "eyJlMmJmYjczMC1lY2FhLTExZTYtOGY4OC0zNDM2M2JjN2M0YzAiOnsiY3JlYXRlIjo2MDAwMDAwMDAwMDAsImRlbGV0ZSI6OTAwMDAwMDAwMDAwfSwic2NoZW1hX3ZlcnNpb24iOiIxIn0=",
          "dependencies": [
            "aws_vpc.main"
          ]
        }
      ]
    },
    {
      "mode": "managed",
      "type": "aws_security_group",
      "name": "rds",
      "provider": "provider[\"registry.terraform.io/hashicorp/aws\"]",
      "instances": [
        {
          "schema_version": 1,
          "attributes": {
            "arn": "arn:aws:ec2:us-east-1:376218549913:security-group/sg-0ca7386e53bdc2596",
            "description": "default VPC security group",
            "egress": [
              {
                "cidr_blocks": [
                  "0.0.0.0/0"
                ],
                "description": "",
                "from_port": 0,
                "ipv6_cidr_blocks": [],
                "prefix_list_ids": [],
                "protocol": "-1",
                "security_groups": [],
                "self": false,
                "to_port": 0
              }
            ],
            "id": "sg-0ca7386e53bdc2596",
            "ingress": [
              {
                "cidr_blocks": [],
                "description": "",
                "from_port": 5432,
                "ipv6_cidr_blocks": [],
                "prefix_list_ids": [],
                "protocol": "tcp",
                "security_groups": [
                  "sg-0e595e7b5fb692083"
                ],
                "self": true,
                "to_port": 5432
              }
            ],
            "name": "default",
            "name_prefix": "",
            "owner_id": "376218549913",
            "revoke_rules_on_delete": null,
            "tags": {},
            "tags_all": {},
            "timeouts": null,
            "vpc_id": "vpc-02f6105bc654c3b1f"
          },
          "sensitive_attributes": [],
          "identity_schema_version": 0,
          "private": "eyJlMmJmYjczMC1lY2FhLTExZTYtOGY4OC0zNDM2M2JjN2M0YzAiOnsiY3JlYXRlIjo2MDAwMDAwMDAwMDAsImRlbGV0ZSI6OTAwMDAwMDAwMDAwfSwic2NoZW1hX3ZlcnNpb24iOiIxIn0=",
          "dependencies": [
            "aws_vpc.main"
          ]
        }
      ]
    },
    {
      "mode": "managed",
      "type": "aws_subnet",
      "name": "private_1b",
      "provider": "provider[\"registry.terraform.io/hashicorp/aws\"]",
      "instances": [
        {
          "schema_version": 1,
          "attributes": {
            "arn": "arn:aws:ec2:us-east-1:376218549913:subnet/subnet-0e0c8cba55ec3d623",
            "assign_ipv6_address_on_creation": false,
            "availability_zone": "us-east-1b",
            "availability_zone_id": "use1-az2",
            "cidr_block": "192.168.64.0/19",
            "customer_owned_ipv4_pool": "",
            "enable_dns64": false,
            "enable_lni_at_device_index": 0,
            "enable_resource_name_dns_a_record_on_launch": false,
            "enable_resource_name_dns_aaaa_record_on_launch": false,
            "id": "subnet-0e0c8cba55ec3d623",
            "ipv6_cidr_block": "",
            "ipv6_cidr_block_association_id": "",
            "ipv6_native": false,
            "map_customer_owned_ip_on_launch": false,
            "map_public_ip_on_launch": false,
            "outpost_arn": "",
            "owner_id": "376218549913",
            "private_dns_hostname_type_on_launch": "ip-name",
            "tags": {
              "Name": "eksctl-supply-demo-cluster/SubnetPrivateUSEAST1B",
              "alpha.eksctl.io/cluster-name": "supply-demo",
              "alpha.eksctl.io/cluster-oidc-enabled": "false",
              "alpha.eksctl.io/eksctl-version": "0.224.0",
              "eksctl.cluster.k8s.io/v1alpha1/cluster-name": "supply-demo",
              "kubernetes.io/role/internal-elb": "1"
            },
            "tags_all": {
              "Name": "eksctl-supply-demo-cluster/SubnetPrivateUSEAST1B",
              "alpha.eksctl.io/cluster-name": "supply-demo",
              "alpha.eksctl.io/cluster-oidc-enabled": "false",
              "alpha.eksctl.io/eksctl-version": "0.224.0",
              "eksctl.cluster.k8s.io/v1alpha1/cluster-name": "supply-demo",
              "kubernetes.io/role/internal-elb": "1"
            },
            "timeouts": null,
            "vpc_id": "vpc-02f6105bc654c3b1f"
          },
          "sensitive_attributes": [],
          "identity_schema_version": 0,
          "private": "eyJlMmJmYjczMC1lY2FhLTExZTYtOGY4OC0zNDM2M2JjN2M0YzAiOnsiY3JlYXRlIjo2MDAwMDAwMDAwMDAsImRlbGV0ZSI6MTIwMDAwMDAwMDAwMH0sInNjaGVtYV92ZXJzaW9uIjoiMSJ9",
          "dependencies": [
            "aws_vpc.main"
          ]
        }
      ]
    },
    {
      "mode": "managed",
      "type": "aws_subnet",
      "name": "private_1c",
      "provider": "provider[\"registry.terraform.io/hashicorp/aws\"]",
      "instances": [
        {
          "schema_version": 1,
          "attributes": {
            "arn": "arn:aws:ec2:us-east-1:376218549913:subnet/subnet-012789db20735bdda",
            "assign_ipv6_address_on_creation": false,
            "availability_zone": "us-east-1c",
            "availability_zone_id": "use1-az4",
            "cidr_block": "192.168.96.0/19",
            "customer_owned_ipv4_pool": "",
            "enable_dns64": false,
            "enable_lni_at_device_index": 0,
            "enable_resource_name_dns_a_record_on_launch": false,
            "enable_resource_name_dns_aaaa_record_on_launch": false,
            "id": "subnet-012789db20735bdda",
            "ipv6_cidr_block": "",
            "ipv6_cidr_block_association_id": "",
            "ipv6_native": false,
            "map_customer_owned_ip_on_launch": false,
            "map_public_ip_on_launch": false,
            "outpost_arn": "",
            "owner_id": "376218549913",
            "private_dns_hostname_type_on_launch": "ip-name",
            "tags": {
              "Name": "eksctl-supply-demo-cluster/SubnetPrivateUSEAST1C",
              "alpha.eksctl.io/cluster-name": "supply-demo",
              "alpha.eksctl.io/cluster-oidc-enabled": "false",
              "alpha.eksctl.io/eksctl-version": "0.224.0",
              "eksctl.cluster.k8s.io/v1alpha1/cluster-name": "supply-demo",
              "kubernetes.io/role/internal-elb": "1"
            },
            "tags_all": {
              "Name": "eksctl-supply-demo-cluster/SubnetPrivateUSEAST1C",
              "alpha.eksctl.io/cluster-name": "supply-demo",
              "alpha.eksctl.io/cluster-oidc-enabled": "false",
              "alpha.eksctl.io/eksctl-version": "0.224.0",
              "eksctl.cluster.k8s.io/v1alpha1/cluster-name": "supply-demo",
              "kubernetes.io/role/internal-elb": "1"
            },
            "timeouts": null,
            "vpc_id": "vpc-02f6105bc654c3b1f"
          },
          "sensitive_attributes": [],
          "identity_schema_version": 0,
          "private": "eyJlMmJmYjczMC1lY2FhLTExZTYtOGY4OC0zNDM2M2JjN2M0YzAiOnsiY3JlYXRlIjo2MDAwMDAwMDAwMDAsImRlbGV0ZSI6MTIwMDAwMDAwMDAwMH0sInNjaGVtYV92ZXJzaW9uIjoiMSJ9",
          "dependencies": [
            "aws_vpc.main"
          ]
        }
      ]
    },
    {
      "mode": "managed",
      "type": "aws_subnet",
      "name": "public_1b",
      "provider": "provider[\"registry.terraform.io/hashicorp/aws\"]",
      "instances": [
        {
          "schema_version": 1,
          "attributes": {
            "arn": "arn:aws:ec2:us-east-1:376218549913:subnet/subnet-0c38319e2b7ca99c8",
            "assign_ipv6_address_on_creation": false,
            "availability_zone": "us-east-1b",
            "availability_zone_id": "use1-az2",
            "cidr_block": "192.168.0.0/19",
            "customer_owned_ipv4_pool": "",
            "enable_dns64": false,
            "enable_lni_at_device_index": 0,
            "enable_resource_name_dns_a_record_on_launch": false,
            "enable_resource_name_dns_aaaa_record_on_launch": false,
            "id": "subnet-0c38319e2b7ca99c8",
            "ipv6_cidr_block": "",
            "ipv6_cidr_block_association_id": "",
            "ipv6_native": false,
            "map_customer_owned_ip_on_launch": false,
            "map_public_ip_on_launch": true,
            "outpost_arn": "",
            "owner_id": "376218549913",
            "private_dns_hostname_type_on_launch": "ip-name",
            "tags": {
              "Name": "eksctl-supply-demo-cluster/SubnetPublicUSEAST1B",
              "alpha.eksctl.io/cluster-name": "supply-demo",
              "alpha.eksctl.io/cluster-oidc-enabled": "false",
              "alpha.eksctl.io/eksctl-version": "0.224.0",
              "eksctl.cluster.k8s.io/v1alpha1/cluster-name": "supply-demo",
              "kubernetes.io/role/elb": "1"
            },
            "tags_all": {
              "Name": "eksctl-supply-demo-cluster/SubnetPublicUSEAST1B",
              "alpha.eksctl.io/cluster-name": "supply-demo",
              "alpha.eksctl.io/cluster-oidc-enabled": "false",
              "alpha.eksctl.io/eksctl-version": "0.224.0",
              "eksctl.cluster.k8s.io/v1alpha1/cluster-name": "supply-demo",
              "kubernetes.io/role/elb": "1"
            },
            "timeouts": null,
            "vpc_id": "vpc-02f6105bc654c3b1f"
          },
          "sensitive_attributes": [],
          "identity_schema_version": 0,
          "private": "eyJlMmJmYjczMC1lY2FhLTExZTYtOGY4OC0zNDM2M2JjN2M0YzAiOnsiY3JlYXRlIjo2MDAwMDAwMDAwMDAsImRlbGV0ZSI6MTIwMDAwMDAwMDAwMH0sInNjaGVtYV92ZXJzaW9uIjoiMSJ9",
          "dependencies": [
            "aws_vpc.main"
          ]
        }
      ]
    },
    {
      "mode": "managed",
      "type": "aws_subnet",
      "name": "public_1c",
      "provider": "provider[\"registry.terraform.io/hashicorp/aws\"]",
      "instances": [
        {
          "schema_version": 1,
          "attributes": {
            "arn": "arn:aws:ec2:us-east-1:376218549913:subnet/subnet-06bd62c586c229b2a",
            "assign_ipv6_address_on_creation": false,
            "availability_zone": "us-east-1c",
            "availability_zone_id": "use1-az4",
            "cidr_block": "192.168.32.0/19",
            "customer_owned_ipv4_pool": "",
            "enable_dns64": false,
            "enable_lni_at_device_index": 0,
            "enable_resource_name_dns_a_record_on_launch": false,
            "enable_resource_name_dns_aaaa_record_on_launch": false,
            "id": "subnet-06bd62c586c229b2a",
            "ipv6_cidr_block": "",
            "ipv6_cidr_block_association_id": "",
            "ipv6_native": false,
            "map_customer_owned_ip_on_launch": false,
            "map_public_ip_on_launch": true,
            "outpost_arn": "",
            "owner_id": "376218549913",
            "private_dns_hostname_type_on_launch": "ip-name",
            "tags": {
              "Name": "eksctl-supply-demo-cluster/SubnetPublicUSEAST1C",
              "alpha.eksctl.io/cluster-name": "supply-demo",
              "alpha.eksctl.io/cluster-oidc-enabled": "false",
              "alpha.eksctl.io/eksctl-version": "0.224.0",
              "eksctl.cluster.k8s.io/v1alpha1/cluster-name": "supply-demo",
              "kubernetes.io/role/elb": "1"
            },
            "tags_all": {
              "Name": "eksctl-supply-demo-cluster/SubnetPublicUSEAST1C",
              "alpha.eksctl.io/cluster-name": "supply-demo",
              "alpha.eksctl.io/cluster-oidc-enabled": "false",
              "alpha.eksctl.io/eksctl-version": "0.224.0",
              "eksctl.cluster.k8s.io/v1alpha1/cluster-name": "supply-demo",
              "kubernetes.io/role/elb": "1"
            },
            "timeouts": null,
            "vpc_id": "vpc-02f6105bc654c3b1f"
          },
          "sensitive_attributes": [],
          "identity_schema_version": 0,
          "private": "eyJlMmJmYjczMC1lY2FhLTExZTYtOGY4OC0zNDM2M2JjN2M0YzAiOnsiY3JlYXRlIjo2MDAwMDAwMDAwMDAsImRlbGV0ZSI6MTIwMDAwMDAwMDAwMH0sInNjaGVtYV92ZXJzaW9uIjoiMSJ9",
          "dependencies": [
            "aws_vpc.main"
          ]
        }
      ]
    },
    {
      "mode": "managed",
      "type": "aws_vpc",
      "name": "main",
      "provider": "provider[\"registry.terraform.io/hashicorp/aws\"]",
      "instances": [
        {
          "schema_version": 1,
          "attributes": {
            "arn": "arn:aws:ec2:us-east-1:376218549913:vpc/vpc-02f6105bc654c3b1f",
            "assign_generated_ipv6_cidr_block": false,
            "cidr_block": "192.168.0.0/16",
            "default_network_acl_id": "acl-06e60abb276c5c73d",
            "default_route_table_id": "rtb-0d7fce07bdfcd917d",
            "default_security_group_id": "sg-0ca7386e53bdc2596",
            "dhcp_options_id": "dopt-0c4560cb9d70840cb",
            "enable_dns_hostnames": true,
            "enable_dns_support": true,
            "enable_network_address_usage_metrics": false,
            "id": "vpc-02f6105bc654c3b1f",
            "instance_tenancy": "default",
            "ipv4_ipam_pool_id": null,
            "ipv4_netmask_length": null,
            "ipv6_association_id": "",
            "ipv6_cidr_block": "",
            "ipv6_cidr_block_network_border_group": "",
            "ipv6_ipam_pool_id": "",
            "ipv6_netmask_length": 0,
            "main_route_table_id": "rtb-0d7fce07bdfcd917d",
            "owner_id": "376218549913",
            "tags": {
              "Name": "eksctl-supply-demo-cluster/VPC",
              "alpha.eksctl.io/cluster-name": "supply-demo",
              "alpha.eksctl.io/cluster-oidc-enabled": "false",
              "alpha.eksctl.io/eksctl-version": "0.224.0",
              "eksctl.cluster.k8s.io/v1alpha1/cluster-name": "supply-demo"
            },
            "tags_all": {
              "Name": "eksctl-supply-demo-cluster/VPC",
              "alpha.eksctl.io/cluster-name": "supply-demo",
              "alpha.eksctl.io/cluster-oidc-enabled": "false",
              "alpha.eksctl.io/eksctl-version": "0.224.0",
              "eksctl.cluster.k8s.io/v1alpha1/cluster-name": "supply-demo"
            }
          },
          "sensitive_attributes": [],
          "identity_schema_version": 0,
          "private": "eyJzY2hlbWFfdmVyc2lvbiI6IjEifQ=="
        }
      ]
    }
  ],
  "check_results": null
}
